// !$*UTF8*$!
{
	archiveVersion = 1;
	classes = {
	};
	objectVersion = 77;
	objects = {

/* Begin PBXBuildFile section */
		18BC187D2D5C211A000B0DF1 /* ViewInspector in Frameworks */ = {isa = PBXBuildFile; productRef = 18BC187C2D5C211A000B0DF1 /* ViewInspector */; };
		18D0C6FF2D4DC7160000F7EC /* Intents.framework in Frameworks */ = {isa = PBXBuildFile; fileRef = 18D0C6FE2D4DC7160000F7EC /* Intents.framework */; };
		18D0C70A2D4DC7170000F7EC /* IntentsUI.framework in Frameworks */ = {isa = PBXBuildFile; fileRef = 18D0C7092D4DC7170000F7EC /* IntentsUI.framework */; };
		18D0C7142D4DC7170000F7EC /* FoodIntentUI.appex in Embed Foundation Extensions */ = {isa = PBXBuildFile; fileRef = 18D0C7082D4DC7170000F7EC /* FoodIntentUI.appex */; settings = {ATTRIBUTES = (RemoveHeadersOnCopy, ); }; };
		18D0C7172D4DC7170000F7EC /* FoodIntent.appex in Embed Foundation Extensions */ = {isa = PBXBuildFile; fileRef = 18D0C6FC2D4DC7160000F7EC /* FoodIntent.appex */; settings = {ATTRIBUTES = (RemoveHeadersOnCopy, ); }; };
		18D874212D56DB62001D2F91 /* SwiftLocation in Frameworks */ = {isa = PBXBuildFile; productRef = 18D874202D56DB62001D2F91 /* SwiftLocation */; };
/* End PBXBuildFile section */

/* Begin PBXContainerItemProxy section */
		18D0C7122D4DC7170000F7EC /* PBXContainerItemProxy */ = {
			isa = PBXContainerItemProxy;
			containerPortal = 4887340F2CDCA2DB00B400A3 /* Project object */;
			proxyType = 1;
			remoteGlobalIDString = 18D0C7072D4DC7170000F7EC;
			remoteInfo = TestIntentUI;
		};
		18D0C7152D4DC7170000F7EC /* PBXContainerItemProxy */ = {
			isa = PBXContainerItemProxy;
			containerPortal = 4887340F2CDCA2DB00B400A3 /* Project object */;
			proxyType = 1;
			remoteGlobalIDString = 18D0C6FB2D4DC7160000F7EC;
			remoteInfo = TestIntent;
		};
		4887342A2CDCA2DD00B400A3 /* PBXContainerItemProxy */ = {
			isa = PBXContainerItemProxy;
			containerPortal = 4887340F2CDCA2DB00B400A3 /* Project object */;
			proxyType = 1;
			remoteGlobalIDString = 488734162CDCA2DB00B400A3;
			remoteInfo = CountriesSwiftUI;
		};
/* End PBXContainerItemProxy section */

/* Begin PBXCopyFilesBuildPhase section */
		18D0C7202D4DC7170000F7EC /* Embed Foundation Extensions */ = {
			isa = PBXCopyFilesBuildPhase;
			buildActionMask = 2147483647;
			dstPath = "";
			dstSubfolderSpec = 13;
			files = (
				18D0C7172D4DC7170000F7EC /* FoodIntent.appex in Embed Foundation Extensions */,
				18D0C7142D4DC7170000F7EC /* FoodIntentUI.appex in Embed Foundation Extensions */,
			);
			name = "Embed Foundation Extensions";
			runOnlyForDeploymentPostprocessing = 0;
		};
/* End PBXCopyFilesBuildPhase section */

/* Begin PBXFileReference section */
		18D0C6FC2D4DC7160000F7EC /* FoodIntent.appex */ = {isa = PBXFileReference; explicitFileType = "wrapper.app-extension"; includeInIndex = 0; path = FoodIntent.appex; sourceTree = BUILT_PRODUCTS_DIR; };
		18D0C6FE2D4DC7160000F7EC /* Intents.framework */ = {isa = PBXFileReference; lastKnownFileType = wrapper.framework; name = Intents.framework; path = System/Library/Frameworks/Intents.framework; sourceTree = SDKROOT; };
		18D0C7082D4DC7170000F7EC /* FoodIntentUI.appex */ = {isa = PBXFileReference; explicitFileType = "wrapper.app-extension"; includeInIndex = 0; path = FoodIntentUI.appex; sourceTree = BUILT_PRODUCTS_DIR; };
		18D0C7092D4DC7170000F7EC /* IntentsUI.framework */ = {isa = PBXFileReference; lastKnownFileType = wrapper.framework; name = IntentsUI.framework; path = System/Library/Frameworks/IntentsUI.framework; sourceTree = SDKROOT; };
		488734172CDCA2DB00B400A3 /* FoodSearch.app */ = {isa = PBXFileReference; explicitFileType = wrapper.application; includeInIndex = 0; path = FoodSearch.app; sourceTree = BUILT_PRODUCTS_DIR; };
		488734292CDCA2DD00B400A3 /* UnitTests.xctest */ = {isa = PBXFileReference; explicitFileType = wrapper.cfbundle; includeInIndex = 0; path = UnitTests.xctest; sourceTree = BUILT_PRODUCTS_DIR; };
/* End PBXFileReference section */

/* Begin PBXFileSystemSynchronizedBuildFileExceptionSet section */
		18D0C71B2D4DC7170000F7EC /* Exceptions for "FoodIntentUI" folder in "FoodIntentUI" target */ = {
			isa = PBXFileSystemSynchronizedBuildFileExceptionSet;
			membershipExceptions = (
				Info.plist,
			);
			target = 18D0C7072D4DC7170000F7EC /* FoodIntentUI */;
		};
		18D0C71F2D4DC7170000F7EC /* Exceptions for "FoodIntent" folder in "FoodIntent" target */ = {
			isa = PBXFileSystemSynchronizedBuildFileExceptionSet;
			membershipExceptions = (
				Info.plist,
			);
			target = 18D0C6FB2D4DC7160000F7EC /* FoodIntent */;
		};
		18D0C7232D4DD1E50000F7EC /* Exceptions for "FoodSearch" folder in "FoodIntent" target */ = {
			isa = PBXFileSystemSynchronizedBuildFileExceptionSet;
			membershipExceptions = (
				Intents/SearchFoodIntent.intentdefinition,
				Intents/SearchFoodIntentHandler.swift,
			);
			target = 18D0C6FB2D4DC7160000F7EC /* FoodIntent */;
		};
		18F51D452D4D7C090060DC9D /* Exceptions for "FoodSearch" folder in "FoodSearch" target */ = {
			isa = PBXFileSystemSynchronizedBuildFileExceptionSet;
			membershipExceptions = (
				Info.plist,
			);
			target = 488734162CDCA2DB00B400A3 /* FoodSearch */;
		};
/* End PBXFileSystemSynchronizedBuildFileExceptionSet section */

/* Begin PBXFileSystemSynchronizedRootGroup section */
		18D0C7002D4DC7160000F7EC /* FoodIntent */ = {
			isa = PBXFileSystemSynchronizedRootGroup;
			exceptions = (
				18D0C71F2D4DC7170000F7EC /* Exceptions for "FoodIntent" folder in "FoodIntent" target */,
			);
			path = FoodIntent;
			sourceTree = "<group>";
		};
		18D0C70B2D4DC7170000F7EC /* FoodIntentUI */ = {
			isa = PBXFileSystemSynchronizedRootGroup;
			exceptions = (
				18D0C71B2D4DC7170000F7EC /* Exceptions for "FoodIntentUI" folder in "FoodIntentUI" target */,
			);
			path = FoodIntentUI;
			sourceTree = "<group>";
		};
		488734192CDCA2DB00B400A3 /* FoodSearch */ = {
			isa = PBXFileSystemSynchronizedRootGroup;
			exceptions = (
				18F51D452D4D7C090060DC9D /* Exceptions for "FoodSearch" folder in "FoodSearch" target */,
				18D0C7232D4DD1E50000F7EC /* Exceptions for "FoodSearch" folder in "FoodIntent" target */,
			);
			path = FoodSearch;
			sourceTree = "<group>";
		};
		4887342C2CDCA2DD00B400A3 /* UnitTests */ = {
			isa = PBXFileSystemSynchronizedRootGroup;
			path = UnitTests;
			sourceTree = "<group>";
		};
/* End PBXFileSystemSynchronizedRootGroup section */

/* Begin PBXFrameworksBuildPhase section */
		18D0C6F92D4DC7160000F7EC /* Frameworks */ = {
			isa = PBXFrameworksBuildPhase;
			buildActionMask = 2147483647;
			files = (
				18D0C6FF2D4DC7160000F7EC /* Intents.framework in Frameworks */,
			);
			runOnlyForDeploymentPostprocessing = 0;
		};
		18D0C7052D4DC7170000F7EC /* Frameworks */ = {
			isa = PBXFrameworksBuildPhase;
			buildActionMask = 2147483647;
			files = (
				18D0C70A2D4DC7170000F7EC /* IntentsUI.framework in Frameworks */,
			);
			runOnlyForDeploymentPostprocessing = 0;
		};
		488734142CDCA2DB00B400A3 /* Frameworks */ = {
			isa = PBXFrameworksBuildPhase;
			buildActionMask = 2147483647;
			files = (
				18D874212D56DB62001D2F91 /* SwiftLocation in Frameworks */,
			);
			runOnlyForDeploymentPostprocessing = 0;
		};
		488734262CDCA2DD00B400A3 /* Frameworks */ = {
			isa = PBXFrameworksBuildPhase;
			buildActionMask = 2147483647;
			files = (
				18BC187D2D5C211A000B0DF1 /* ViewInspector in Frameworks */,
			);
			runOnlyForDeploymentPostprocessing = 0;
		};
/* End PBXFrameworksBuildPhase section */

/* Begin PBXGroup section */
		18D0C6FD2D4DC7160000F7EC /* Frameworks */ = {
			isa = PBXGroup;
			children = (
				18D0C6FE2D4DC7160000F7EC /* Intents.framework */,
				18D0C7092D4DC7170000F7EC /* IntentsUI.framework */,
			);
			name = Frameworks;
			sourceTree = "<group>";
		};
		4887340E2CDCA2DB00B400A3 = {
			isa = PBXGroup;
			children = (
				488734192CDCA2DB00B400A3 /* FoodSearch */,
				4887342C2CDCA2DD00B400A3 /* UnitTests */,
				18D0C7002D4DC7160000F7EC /* FoodIntent */,
				18D0C70B2D4DC7170000F7EC /* FoodIntentUI */,
				18D0C6FD2D4DC7160000F7EC /* Frameworks */,
				488734182CDCA2DB00B400A3 /* Products */,
			);
			sourceTree = "<group>";
		};
		488734182CDCA2DB00B400A3 /* Products */ = {
			isa = PBXGroup;
			children = (
				488734172CDCA2DB00B400A3 /* FoodSearch.app */,
				488734292CDCA2DD00B400A3 /* UnitTests.xctest */,
				18D0C6FC2D4DC7160000F7EC /* FoodIntent.appex */,
				18D0C7082D4DC7170000F7EC /* FoodIntentUI.appex */,
			);
			name = Products;
			sourceTree = "<group>";
		};
/* End PBXGroup section */

/* Begin PBXNativeTarget section */
		18D0C6FB2D4DC7160000F7EC /* FoodIntent */ = {
			isa = PBXNativeTarget;
			buildConfigurationList = 18D0C71C2D4DC7170000F7EC /* Build configuration list for PBXNativeTarget "FoodIntent" */;
			buildPhases = (
				18D0C6F82D4DC7160000F7EC /* Sources */,
				18D0C6F92D4DC7160000F7EC /* Frameworks */,
				18D0C6FA2D4DC7160000F7EC /* Resources */,
			);
			buildRules = (
			);
			dependencies = (
			);
			fileSystemSynchronizedGroups = (
				18D0C7002D4DC7160000F7EC /* FoodIntent */,
			);
			name = FoodIntent;
			packageProductDependencies = (
			);
			productName = TestIntent;
			productReference = 18D0C6FC2D4DC7160000F7EC /* FoodIntent.appex */;
			productType = "com.apple.product-type.app-extension";
		};
		18D0C7072D4DC7170000F7EC /* FoodIntentUI */ = {
			isa = PBXNativeTarget;
			buildConfigurationList = 18D0C7182D4DC7170000F7EC /* Build configuration list for PBXNativeTarget "FoodIntentUI" */;
			buildPhases = (
				18D0C7042D4DC7170000F7EC /* Sources */,
				18D0C7052D4DC7170000F7EC /* Frameworks */,
				18D0C7062D4DC7170000F7EC /* Resources */,
			);
			buildRules = (
			);
			dependencies = (
			);
			fileSystemSynchronizedGroups = (
				18D0C70B2D4DC7170000F7EC /* FoodIntentUI */,
			);
			name = FoodIntentUI;
			packageProductDependencies = (
			);
			productName = TestIntentUI;
			productReference = 18D0C7082D4DC7170000F7EC /* FoodIntentUI.appex */;
			productType = "com.apple.product-type.app-extension";
		};
		488734162CDCA2DB00B400A3 /* FoodSearch */ = {
			isa = PBXNativeTarget;
			buildConfigurationList = 4887343D2CDCA2DD00B400A3 /* Build configuration list for PBXNativeTarget "FoodSearch" */;
			buildPhases = (
				488734132CDCA2DB00B400A3 /* Sources */,
				488734142CDCA2DB00B400A3 /* Frameworks */,
				488734152CDCA2DB00B400A3 /* Resources */,
				18D0C7202D4DC7170000F7EC /* Embed Foundation Extensions */,
			);
			buildRules = (
			);
			dependencies = (
				18D0C7132D4DC7170000F7EC /* PBXTargetDependency */,
				18D0C7162D4DC7170000F7EC /* PBXTargetDependency */,
			);
			fileSystemSynchronizedGroups = (
				488734192CDCA2DB00B400A3 /* FoodSearch */,
			);
			name = FoodSearch;
			packageProductDependencies = (
				18D874202D56DB62001D2F91 /* SwiftLocation */,
			);
			productName = CountriesSwiftUI;
			productReference = 488734172CDCA2DB00B400A3 /* FoodSearch.app */;
			productType = "com.apple.product-type.application";
		};
		488734282CDCA2DD00B400A3 /* UnitTests */ = {
			isa = PBXNativeTarget;
			buildConfigurationList = 488734402CDCA2DD00B400A3 /* Build configuration list for PBXNativeTarget "UnitTests" */;
			buildPhases = (
				488734252CDCA2DD00B400A3 /* Sources */,
				488734262CDCA2DD00B400A3 /* Frameworks */,
				488734272CDCA2DD00B400A3 /* Resources */,
			);
			buildRules = (
			);
			dependencies = (
				4887342B2CDCA2DD00B400A3 /* PBXTargetDependency */,
			);
			fileSystemSynchronizedGroups = (
				4887342C2CDCA2DD00B400A3 /* UnitTests */,
			);
			name = UnitTests;
			packageProductDependencies = (
				18BC187C2D5C211A000B0DF1 /* ViewInspector */,
			);
			productName = CountriesSwiftUITests;
			productReference = 488734292CDCA2DD00B400A3 /* UnitTests.xctest */;
			productType = "com.apple.product-type.bundle.unit-test";
		};
/* End PBXNativeTarget section */

/* Begin PBXProject section */
		4887340F2CDCA2DB00B400A3 /* Project object */ = {
			isa = PBXProject;
			attributes = {
				BuildIndependentTargetsInParallel = 1;
				LastSwiftUpdateCheck = 1620;
				LastUpgradeCheck = 1610;
				ORGANIZATIONNAME = "Chris Ng";
				TargetAttributes = {
					18D0C6FB2D4DC7160000F7EC = {
						CreatedOnToolsVersion = 16.2;
					};
					18D0C7072D4DC7170000F7EC = {
						CreatedOnToolsVersion = 16.2;
					};
					488734162CDCA2DB00B400A3 = {
						CreatedOnToolsVersion = 16.1;
					};
					488734282CDCA2DD00B400A3 = {
						CreatedOnToolsVersion = 16.1;
						TestTargetID = 488734162CDCA2DB00B400A3;
					};
				};
			};
			buildConfigurationList = 488734122CDCA2DB00B400A3 /* Build configuration list for PBXProject "FoodSearch" */;
			developmentRegion = en;
			hasScannedForEncodings = 0;
			knownRegions = (
				en,
				Base,
			);
			mainGroup = 4887340E2CDCA2DB00B400A3;
			minimizedProjectReferenceProxies = 1;
			packageReferences = (
				18D8741F2D56DB62001D2F91 /* XCRemoteSwiftPackageReference "SwiftLocation" */,
				18BC187B2D5C211A000B0DF1 /* XCRemoteSwiftPackageReference "ViewInspector" */,
			);
			preferredProjectObjectVersion = 77;
			productRefGroup = 488734182CDCA2DB00B400A3 /* Products */;
			projectDirPath = "";
			projectRoot = "";
			targets = (
				488734162CDCA2DB00B400A3 /* FoodSearch */,
				488734282CDCA2DD00B400A3 /* UnitTests */,
				18D0C6FB2D4DC7160000F7EC /* FoodIntent */,
				18D0C7072D4DC7170000F7EC /* FoodIntentUI */,
			);
		};
/* End PBXProject section */

/* Begin PBXResourcesBuildPhase section */
		18D0C6FA2D4DC7160000F7EC /* Resources */ = {
			isa = PBXResourcesBuildPhase;
			buildActionMask = 2147483647;
			files = (
			);
			runOnlyForDeploymentPostprocessing = 0;
		};
		18D0C7062D4DC7170000F7EC /* Resources */ = {
			isa = PBXResourcesBuildPhase;
			buildActionMask = 2147483647;
			files = (
			);
			runOnlyForDeploymentPostprocessing = 0;
		};
		488734152CDCA2DB00B400A3 /* Resources */ = {
			isa = PBXResourcesBuildPhase;
			buildActionMask = 2147483647;
			files = (
			);
			runOnlyForDeploymentPostprocessing = 0;
		};
		488734272CDCA2DD00B400A3 /* Resources */ = {
			isa = PBXResourcesBuildPhase;
			buildActionMask = 2147483647;
			files = (
			);
			runOnlyForDeploymentPostprocessing = 0;
		};
/* End PBXResourcesBuildPhase section */

/* Begin PBXSourcesBuildPhase section */
		18D0C6F82D4DC7160000F7EC /* Sources */ = {
			isa = PBXSourcesBuildPhase;
			buildActionMask = 2147483647;
			files = (
			);
			runOnlyForDeploymentPostprocessing = 0;
		};
		18D0C7042D4DC7170000F7EC /* Sources */ = {
			isa = PBXSourcesBuildPhase;
			buildActionMask = 2147483647;
			files = (
			);
			runOnlyForDeploymentPostprocessing = 0;
		};
		488734132CDCA2DB00B400A3 /* Sources */ = {
			isa = PBXSourcesBuildPhase;
			buildActionMask = 2147483647;
			files = (
			);
			runOnlyForDeploymentPostprocessing = 0;
		};
		488734252CDCA2DD00B400A3 /* Sources */ = {
			isa = PBXSourcesBuildPhase;
			buildActionMask = 2147483647;
			files = (
			);
			runOnlyForDeploymentPostprocessing = 0;
		};
/* End PBXSourcesBuildPhase section */

/* Begin PBXTargetDependency section */
		18D0C7132D4DC7170000F7EC /* PBXTargetDependency */ = {
			isa = PBXTargetDependency;
			target = 18D0C7072D4DC7170000F7EC /* FoodIntentUI */;
			targetProxy = 18D0C7122D4DC7170000F7EC /* PBXContainerItemProxy */;
		};
		18D0C7162D4DC7170000F7EC /* PBXTargetDependency */ = {
			isa = PBXTargetDependency;
			target = 18D0C6FB2D4DC7160000F7EC /* FoodIntent */;
			targetProxy = 18D0C7152D4DC7170000F7EC /* PBXContainerItemProxy */;
		};
		4887342B2CDCA2DD00B400A3 /* PBXTargetDependency */ = {
			isa = PBXTargetDependency;
			target = 488734162CDCA2DB00B400A3 /* FoodSearch */;
			targetProxy = 4887342A2CDCA2DD00B400A3 /* PBXContainerItemProxy */;
		};
/* End PBXTargetDependency section */

/* Begin XCBuildConfiguration section */
		18D0C7192D4DC7170000F7EC /* Debug */ = {
			isa = XCBuildConfiguration;
			buildSettings = {
				CODE_SIGN_STYLE = Automatic;
				CURRENT_PROJECT_VERSION = 1;
				GENERATE_INFOPLIST_FILE = YES;
				INFOPLIST_FILE = FoodIntentUI/Info.plist;
				INFOPLIST_KEY_CFBundleDisplayName = FoodIntentUI;
				INFOPLIST_KEY_NSHumanReadableCopyright = "Copyright © 2025 Chris Ng. All rights reserved.";
				IPHONEOS_DEPLOYMENT_TARGET = 18.2;
				LD_RUNPATH_SEARCH_PATHS = (
					"$(inherited)",
					"@executable_path/Frameworks",
					"@executable_path/../../Frameworks",
				);
				MARKETING_VERSION = 1.0;
				PRODUCT_BUNDLE_IDENTIFIER = com.chrisnyw.foodsearch.FoodIntentUI;
				PRODUCT_NAME = "$(TARGET_NAME)";
				SKIP_INSTALL = YES;
				SWIFT_EMIT_LOC_STRINGS = YES;
				SWIFT_VERSION = 5.0;
				TARGETED_DEVICE_FAMILY = "1,2";
			};
			name = Debug;
		};
		18D0C71A2D4DC7170000F7EC /* Release */ = {
			isa = XCBuildConfiguration;
			buildSettings = {
				CODE_SIGN_STYLE = Automatic;
				CURRENT_PROJECT_VERSION = 1;
				GENERATE_INFOPLIST_FILE = YES;
				INFOPLIST_FILE = FoodIntentUI/Info.plist;
				INFOPLIST_KEY_CFBundleDisplayName = FoodIntentUI;
				INFOPLIST_KEY_NSHumanReadableCopyright = "Copyright © 2025 Chris Ng. All rights reserved.";
				IPHONEOS_DEPLOYMENT_TARGET = 18.2;
				LD_RUNPATH_SEARCH_PATHS = (
					"$(inherited)",
					"@executable_path/Frameworks",
					"@executable_path/../../Frameworks",
				);
				MARKETING_VERSION = 1.0;
				PRODUCT_BUNDLE_IDENTIFIER = com.chrisnyw.foodsearch.FoodIntentUI;
				PRODUCT_NAME = "$(TARGET_NAME)";
				SKIP_INSTALL = YES;
				SWIFT_EMIT_LOC_STRINGS = YES;
				SWIFT_VERSION = 5.0;
				TARGETED_DEVICE_FAMILY = "1,2";
			};
			name = Release;
		};
		18D0C71D2D4DC7170000F7EC /* Debug */ = {
			isa = XCBuildConfiguration;
			buildSettings = {
				CODE_SIGN_STYLE = Automatic;
				CURRENT_PROJECT_VERSION = 1;
				GENERATE_INFOPLIST_FILE = YES;
				INFOPLIST_FILE = FoodIntent/Info.plist;
				INFOPLIST_KEY_CFBundleDisplayName = FoodIntent;
				INFOPLIST_KEY_NSHumanReadableCopyright = "Copyright © 2025 Chris Ng. All rights reserved.";
				IPHONEOS_DEPLOYMENT_TARGET = 18.2;
				LD_RUNPATH_SEARCH_PATHS = (
					"$(inherited)",
					"@executable_path/Frameworks",
					"@executable_path/../../Frameworks",
				);
				MARKETING_VERSION = 1.0;
				PRODUCT_BUNDLE_IDENTIFIER = com.chrisnyw.foodsearch.FoodIntent;
				PRODUCT_NAME = "$(TARGET_NAME)";
				SKIP_INSTALL = YES;
				SWIFT_EMIT_LOC_STRINGS = YES;
				SWIFT_VERSION = 5.0;
				TARGETED_DEVICE_FAMILY = "1,2";
			};
			name = Debug;
		};
		18D0C71E2D4DC7170000F7EC /* Release */ = {
			isa = XCBuildConfiguration;
			buildSettings = {
				CODE_SIGN_STYLE = Automatic;
				CURRENT_PROJECT_VERSION = 1;
				GENERATE_INFOPLIST_FILE = YES;
				INFOPLIST_FILE = FoodIntent/Info.plist;
				INFOPLIST_KEY_CFBundleDisplayName = FoodIntent;
				INFOPLIST_KEY_NSHumanReadableCopyright = "Copyright © 2025 Chris Ng. All rights reserved.";
				IPHONEOS_DEPLOYMENT_TARGET = 18.2;
				LD_RUNPATH_SEARCH_PATHS = (
					"$(inherited)",
					"@executable_path/Frameworks",
					"@executable_path/../../Frameworks",
				);
				MARKETING_VERSION = 1.0;
				PRODUCT_BUNDLE_IDENTIFIER = com.chrisnyw.foodsearch.FoodIntent;
				PRODUCT_NAME = "$(TARGET_NAME)";
				SKIP_INSTALL = YES;
				SWIFT_EMIT_LOC_STRINGS = YES;
				SWIFT_VERSION = 5.0;
				TARGETED_DEVICE_FAMILY = "1,2";
			};
			name = Release;
		};
		4887343B2CDCA2DD00B400A3 /* Debug */ = {
			isa = XCBuildConfiguration;
			buildSettings = {
				ALWAYS_SEARCH_USER_PATHS = NO;
				ASSETCATALOG_COMPILER_GENERATE_SWIFT_ASSET_SYMBOL_EXTENSIONS = YES;
				CLANG_ANALYZER_NONNULL = YES;
				CLANG_ANALYZER_NUMBER_OBJECT_CONVERSION = YES_AGGRESSIVE;
				CLANG_CXX_LANGUAGE_STANDARD = "gnu++20";
				CLANG_ENABLE_MODULES = YES;
				CLANG_ENABLE_OBJC_ARC = YES;
				CLANG_ENABLE_OBJC_WEAK = YES;
				CLANG_WARN_BLOCK_CAPTURE_AUTORELEASING = YES;
				CLANG_WARN_BOOL_CONVERSION = YES;
				CLANG_WARN_COMMA = YES;
				CLANG_WARN_CONSTANT_CONVERSION = YES;
				CLANG_WARN_DEPRECATED_OBJC_IMPLEMENTATIONS = YES;
				CLANG_WARN_DIRECT_OBJC_ISA_USAGE = YES_ERROR;
				CLANG_WARN_DOCUMENTATION_COMMENTS = YES;
				CLANG_WARN_EMPTY_BODY = YES;
				CLANG_WARN_ENUM_CONVERSION = YES;
				CLANG_WARN_INFINITE_RECURSION = YES;
				CLANG_WARN_INT_CONVERSION = YES;
				CLANG_WARN_NON_LITERAL_NULL_CONVERSION = YES;
				CLANG_WARN_OBJC_IMPLICIT_RETAIN_SELF = YES;
				CLANG_WARN_OBJC_LITERAL_CONVERSION = YES;
				CLANG_WARN_OBJC_ROOT_CLASS = YES_ERROR;
				CLANG_WARN_QUOTED_INCLUDE_IN_FRAMEWORK_HEADER = YES;
				CLANG_WARN_RANGE_LOOP_ANALYSIS = YES;
				CLANG_WARN_STRICT_PROTOTYPES = YES;
				CLANG_WARN_SUSPICIOUS_MOVE = YES;
				CLANG_WARN_UNGUARDED_AVAILABILITY = YES_AGGRESSIVE;
				CLANG_WARN_UNREACHABLE_CODE = YES;
				CLANG_WARN__DUPLICATE_METHOD_MATCH = YES;
				COPY_PHASE_STRIP = NO;
				DEBUG_INFORMATION_FORMAT = dwarf;
				ENABLE_STRICT_OBJC_MSGSEND = YES;
				ENABLE_TESTABILITY = YES;
				ENABLE_USER_SCRIPT_SANDBOXING = YES;
				GCC_C_LANGUAGE_STANDARD = gnu17;
				GCC_DYNAMIC_NO_PIC = NO;
				GCC_NO_COMMON_BLOCKS = YES;
				GCC_OPTIMIZATION_LEVEL = 0;
				GCC_PREPROCESSOR_DEFINITIONS = (
					"DEBUG=1",
					"$(inherited)",
				);
				GCC_WARN_64_TO_32_BIT_CONVERSION = YES;
				GCC_WARN_ABOUT_RETURN_TYPE = YES_ERROR;
				GCC_WARN_UNDECLARED_SELECTOR = YES;
				GCC_WARN_UNINITIALIZED_AUTOS = YES_AGGRESSIVE;
				GCC_WARN_UNUSED_FUNCTION = YES;
				GCC_WARN_UNUSED_VARIABLE = YES;
				IPHONEOS_DEPLOYMENT_TARGET = 18.1;
				LOCALIZATION_PREFERS_STRING_CATALOGS = YES;
				MTL_ENABLE_DEBUG_INFO = INCLUDE_SOURCE;
				MTL_FAST_MATH = YES;
				ONLY_ACTIVE_ARCH = YES;
				SDKROOT = iphoneos;
				SWIFT_ACTIVE_COMPILATION_CONDITIONS = "DEBUG $(inherited)";
				SWIFT_EMIT_LOC_STRINGS = YES;
				SWIFT_OPTIMIZATION_LEVEL = "-Onone";
			};
			name = Debug;
		};
		4887343C2CDCA2DD00B400A3 /* Release */ = {
			isa = XCBuildConfiguration;
			buildSettings = {
				ALWAYS_SEARCH_USER_PATHS = NO;
				ASSETCATALOG_COMPILER_GENERATE_SWIFT_ASSET_SYMBOL_EXTENSIONS = YES;
				CLANG_ANALYZER_NONNULL = YES;
				CLANG_ANALYZER_NUMBER_OBJECT_CONVERSION = YES_AGGRESSIVE;
				CLANG_CXX_LANGUAGE_STANDARD = "gnu++20";
				CLANG_ENABLE_MODULES = YES;
				CLANG_ENABLE_OBJC_ARC = YES;
				CLANG_ENABLE_OBJC_WEAK = YES;
				CLANG_WARN_BLOCK_CAPTURE_AUTORELEASING = YES;
				CLANG_WARN_BOOL_CONVERSION = YES;
				CLANG_WARN_COMMA = YES;
				CLANG_WARN_CONSTANT_CONVERSION = YES;
				CLANG_WARN_DEPRECATED_OBJC_IMPLEMENTATIONS = YES;
				CLANG_WARN_DIRECT_OBJC_ISA_USAGE = YES_ERROR;
				CLANG_WARN_DOCUMENTATION_COMMENTS = YES;
				CLANG_WARN_EMPTY_BODY = YES;
				CLANG_WARN_ENUM_CONVERSION = YES;
				CLANG_WARN_INFINITE_RECURSION = YES;
				CLANG_WARN_INT_CONVERSION = YES;
				CLANG_WARN_NON_LITERAL_NULL_CONVERSION = YES;
				CLANG_WARN_OBJC_IMPLICIT_RETAIN_SELF = YES;
				CLANG_WARN_OBJC_LITERAL_CONVERSION = YES;
				CLANG_WARN_OBJC_ROOT_CLASS = YES_ERROR;
				CLANG_WARN_QUOTED_INCLUDE_IN_FRAMEWORK_HEADER = YES;
				CLANG_WARN_RANGE_LOOP_ANALYSIS = YES;
				CLANG_WARN_STRICT_PROTOTYPES = YES;
				CLANG_WARN_SUSPICIOUS_MOVE = YES;
				CLANG_WARN_UNGUARDED_AVAILABILITY = YES_AGGRESSIVE;
				CLANG_WARN_UNREACHABLE_CODE = YES;
				CLANG_WARN__DUPLICATE_METHOD_MATCH = YES;
				COPY_PHASE_STRIP = NO;
				DEBUG_INFORMATION_FORMAT = "dwarf-with-dsym";
				ENABLE_NS_ASSERTIONS = NO;
				ENABLE_STRICT_OBJC_MSGSEND = YES;
				ENABLE_USER_SCRIPT_SANDBOXING = YES;
				GCC_C_LANGUAGE_STANDARD = gnu17;
				GCC_NO_COMMON_BLOCKS = YES;
				GCC_WARN_64_TO_32_BIT_CONVERSION = YES;
				GCC_WARN_ABOUT_RETURN_TYPE = YES_ERROR;
				GCC_WARN_UNDECLARED_SELECTOR = YES;
				GCC_WARN_UNINITIALIZED_AUTOS = YES_AGGRESSIVE;
				GCC_WARN_UNUSED_FUNCTION = YES;
				GCC_WARN_UNUSED_VARIABLE = YES;
				IPHONEOS_DEPLOYMENT_TARGET = 18.1;
				LOCALIZATION_PREFERS_STRING_CATALOGS = YES;
				MTL_ENABLE_DEBUG_INFO = NO;
				MTL_FAST_MATH = YES;
				SDKROOT = iphoneos;
				SWIFT_COMPILATION_MODE = wholemodule;
				SWIFT_EMIT_LOC_STRINGS = YES;
				VALIDATE_PRODUCT = YES;
			};
			name = Release;
		};
		4887343E2CDCA2DD00B400A3 /* Debug */ = {
			isa = XCBuildConfiguration;
			buildSettings = {
				ASSETCATALOG_COMPILER_APPICON_NAME = AppIcon;
				ASSETCATALOG_COMPILER_GLOBAL_ACCENT_COLOR_NAME = AccentColor;
				CODE_SIGN_ENTITLEMENTS = FoodSearch/FoodSearch.entitlements;
				CODE_SIGN_STYLE = Automatic;
				CURRENT_PROJECT_VERSION = 1;
				DEVELOPMENT_ASSET_PATHS = "\"FoodSearch/Resources\"";
				DEVELOPMENT_TEAM = "";
				ENABLE_PREVIEWS = YES;
				GENERATE_INFOPLIST_FILE = YES;
				INFOPLIST_FILE = FoodSearch/Info.plist;
				INFOPLIST_KEY_LSApplicationCategoryType = "";
				INFOPLIST_KEY_NSLocationAlwaysAndWhenInUseUsageDescription = "Use location to search for nearby restaurants";
				INFOPLIST_KEY_NSLocationUsageDescription = "Use location to search for nearby restaurants";
				INFOPLIST_KEY_NSLocationWhenInUseUsageDescription = "Use location to search for nearby restaurants";
				INFOPLIST_KEY_NSSiriUsageDescription = "The app uses Siri to navigate";
				INFOPLIST_KEY_UIApplicationSceneManifest_Generation = YES;
				INFOPLIST_KEY_UIApplicationSupportsIndirectInputEvents = YES;
				INFOPLIST_KEY_UILaunchScreen_Generation = YES;
				INFOPLIST_KEY_UISupportedInterfaceOrientations_iPad = "UIInterfaceOrientationPortrait UIInterfaceOrientationPortraitUpsideDown UIInterfaceOrientationLandscapeLeft UIInterfaceOrientationLandscapeRight";
				INFOPLIST_KEY_UISupportedInterfaceOrientations_iPhone = "UIInterfaceOrientationPortrait UIInterfaceOrientationLandscapeLeft UIInterfaceOrientationLandscapeRight";
				IPHONEOS_DEPLOYMENT_TARGET = 18.0;
				LD_RUNPATH_SEARCH_PATHS = (
					"$(inherited)",
					"@executable_path/Frameworks",
				);
				MARKETING_VERSION = 3.0;
				PRODUCT_BUNDLE_IDENTIFIER = com.chrisnyw.foodsearch;
				PRODUCT_NAME = "$(TARGET_NAME)";
				REGISTER_APP_GROUPS = NO;
				SUPPORTED_PLATFORMS = "iphoneos iphonesimulator macosx";
				SUPPORTS_MACCATALYST = NO;
				SUPPORTS_MAC_DESIGNED_FOR_IPHONE_IPAD = NO;
				SUPPORTS_XR_DESIGNED_FOR_IPHONE_IPAD = NO;
				SWIFT_EMIT_LOC_STRINGS = YES;
				SWIFT_VERSION = 5.0;
				TARGETED_DEVICE_FAMILY = "1,2";
			};
			name = Debug;
		};
		4887343F2CDCA2DD00B400A3 /* Release */ = {
			isa = XCBuildConfiguration;
			buildSettings = {
				ASSETCATALOG_COMPILER_APPICON_NAME = AppIcon;
				ASSETCATALOG_COMPILER_GLOBAL_ACCENT_COLOR_NAME = AccentColor;
				CODE_SIGN_ENTITLEMENTS = FoodSearch/FoodSearch.entitlements;
				CODE_SIGN_STYLE = Automatic;
				CURRENT_PROJECT_VERSION = 1;
				DEVELOPMENT_ASSET_PATHS = "\"FoodSearch/Resources\"";
				DEVELOPMENT_TEAM = "";
				ENABLE_PREVIEWS = YES;
				GENERATE_INFOPLIST_FILE = YES;
				INFOPLIST_FILE = FoodSearch/Info.plist;
				INFOPLIST_KEY_LSApplicationCategoryType = "";
				INFOPLIST_KEY_NSLocationAlwaysAndWhenInUseUsageDescription = "Use location to search for nearby restaurants";
				INFOPLIST_KEY_NSLocationUsageDescription = "Use location to search for nearby restaurants";
				INFOPLIST_KEY_NSLocationWhenInUseUsageDescription = "Use location to search for nearby restaurants";
				INFOPLIST_KEY_NSSiriUsageDescription = "The app uses Siri to navigate";
				INFOPLIST_KEY_UIApplicationSceneManifest_Generation = YES;
				INFOPLIST_KEY_UIApplicationSupportsIndirectInputEvents = YES;
				INFOPLIST_KEY_UILaunchScreen_Generation = YES;
				INFOPLIST_KEY_UISupportedInterfaceOrientations_iPad = "UIInterfaceOrientationPortrait UIInterfaceOrientationPortraitUpsideDown UIInterfaceOrientationLandscapeLeft UIInterfaceOrientationLandscapeRight";
				INFOPLIST_KEY_UISupportedInterfaceOrientations_iPhone = "UIInterfaceOrientationPortrait UIInterfaceOrientationLandscapeLeft UIInterfaceOrientationLandscapeRight";
				IPHONEOS_DEPLOYMENT_TARGET = 18.0;
				LD_RUNPATH_SEARCH_PATHS = (
					"$(inherited)",
					"@executable_path/Frameworks",
				);
				MARKETING_VERSION = 3.0;
				PRODUCT_BUNDLE_IDENTIFIER = com.chrisnyw.foodsearch;
				PRODUCT_NAME = "$(TARGET_NAME)";
				REGISTER_APP_GROUPS = NO;
				SUPPORTED_PLATFORMS = "iphoneos iphonesimulator macosx";
				SUPPORTS_MACCATALYST = NO;
				SUPPORTS_MAC_DESIGNED_FOR_IPHONE_IPAD = NO;
				SUPPORTS_XR_DESIGNED_FOR_IPHONE_IPAD = NO;
				SWIFT_EMIT_LOC_STRINGS = YES;
				SWIFT_VERSION = 5.0;
				TARGETED_DEVICE_FAMILY = "1,2";
			};
			name = Release;
		};
		488734412CDCA2DD00B400A3 /* Debug */ = {
			isa = XCBuildConfiguration;
			buildSettings = {
				BUNDLE_LOADER = "$(TEST_HOST)";
				CODE_SIGN_STYLE = Automatic;
				CURRENT_PROJECT_VERSION = 1;
				GENERATE_INFOPLIST_FILE = YES;
				IPHONEOS_DEPLOYMENT_TARGET = 18.1;
				MARKETING_VERSION = 1.0;
				PRODUCT_BUNDLE_IDENTIFIER = com.swiftui.CountriesSwiftUITests;
				PRODUCT_NAME = "$(TARGET_NAME)";
				SWIFT_EMIT_LOC_STRINGS = NO;
				SWIFT_VERSION = 5.0;
				TARGETED_DEVICE_FAMILY = "1,2";
				TEST_HOST = "$(BUILT_PRODUCTS_DIR)/FoodSearch.app/$(BUNDLE_EXECUTABLE_FOLDER_PATH)/FoodSearch";
			};
			name = Debug;
		};
		488734422CDCA2DD00B400A3 /* Release */ = {
			isa = XCBuildConfiguration;
			buildSettings = {
				BUNDLE_LOADER = "$(TEST_HOST)";
				CODE_SIGN_STYLE = Automatic;
				CURRENT_PROJECT_VERSION = 1;
				GENERATE_INFOPLIST_FILE = YES;
				IPHONEOS_DEPLOYMENT_TARGET = 18.1;
				MARKETING_VERSION = 1.0;
				PRODUCT_BUNDLE_IDENTIFIER = com.swiftui.CountriesSwiftUITests;
				PRODUCT_NAME = "$(TARGET_NAME)";
				SWIFT_EMIT_LOC_STRINGS = NO;
				SWIFT_VERSION = 5.0;
				TARGETED_DEVICE_FAMILY = "1,2";
				TEST_HOST = "$(BUILT_PRODUCTS_DIR)/FoodSearch.app/$(BUNDLE_EXECUTABLE_FOLDER_PATH)/FoodSearch";
			};
			name = Release;
		};
/* End XCBuildConfiguration section */

/* Begin XCConfigurationList section */
		18D0C7182D4DC7170000F7EC /* Build configuration list for PBXNativeTarget "FoodIntentUI" */ = {
			isa = XCConfigurationList;
			buildConfigurations = (
				18D0C7192D4DC7170000F7EC /* Debug */,
				18D0C71A2D4DC7170000F7EC /* Release */,
			);
			defaultConfigurationIsVisible = 0;
			defaultConfigurationName = Release;
		};
		18D0C71C2D4DC7170000F7EC /* Build configuration list for PBXNativeTarget "FoodIntent" */ = {
			isa = XCConfigurationList;
			buildConfigurations = (
				18D0C71D2D4DC7170000F7EC /* Debug */,
				18D0C71E2D4DC7170000F7EC /* Release */,
			);
			defaultConfigurationIsVisible = 0;
			defaultConfigurationName = Release;
		};
		488734122CDCA2DB00B400A3 /* Build configuration list for PBXProject "FoodSearch" */ = {
			isa = XCConfigurationList;
			buildConfigurations = (
				4887343B2CDCA2DD00B400A3 /* Debug */,
				4887343C2CDCA2DD00B400A3 /* Release */,
			);
			defaultConfigurationIsVisible = 0;
			defaultConfigurationName = Release;
		};
		4887343D2CDCA2DD00B400A3 /* Build configuration list for PBXNativeTarget "FoodSearch" */ = {
			isa = XCConfigurationList;
			buildConfigurations = (
				4887343E2CDCA2DD00B400A3 /* Debug */,
				4887343F2CDCA2DD00B400A3 /* Release */,
			);
			defaultConfigurationIsVisible = 0;
			defaultConfigurationName = Release;
		};
		488734402CDCA2DD00B400A3 /* Build configuration list for PBXNativeTarget "UnitTests" */ = {
			isa = XCConfigurationList;
			buildConfigurations = (
				488734412CDCA2DD00B400A3 /* Debug */,
				488734422CDCA2DD00B400A3 /* Release */,
			);
			defaultConfigurationIsVisible = 0;
			defaultConfigurationName = Release;
		};
/* End XCConfigurationList section */

/* Begin XCRemoteSwiftPackageReference section */
		18BC187B2D5C211A000B0DF1 /* XCRemoteSwiftPackageReference "ViewInspector" */ = {
			isa = XCRemoteSwiftPackageReference;
			repositoryURL = "https://github.com/nalexn/ViewInspector";
			requirement = {
				kind = upToNextMajorVersion;
				minimumVersion = 0.10.1;
			};
		};
		18D8741F2D56DB62001D2F91 /* XCRemoteSwiftPackageReference "SwiftLocation" */ = {
			isa = XCRemoteSwiftPackageReference;
			repositoryURL = "https://github.com/malcommac/SwiftLocation.git";
			requirement = {
				kind = upToNextMajorVersion;
				minimumVersion = 6.0.0;
			};
		};
/* End XCRemoteSwiftPackageReference section */

/* Begin XCSwiftPackageProductDependency section */
		18BC187C2D5C211A000B0DF1 /* ViewInspector */ = {
			isa = XCSwiftPackageProductDependency;
			package = 18BC187B2D5C211A000B0DF1 /* XCRemoteSwiftPackageReference "ViewInspector" */;
			productName = ViewInspector;
		};
		18D874202D56DB62001D2F91 /* SwiftLocation */ = {
			isa = XCSwiftPackageProductDependency;
			package = 18D8741F2D56DB62001D2F91 /* XCRemoteSwiftPackageReference "SwiftLocation" */;
			productName = SwiftLocation;
		};
/* End XCSwiftPackageProductDependency section */
	};
	rootObject = 4887340F2CDCA2DB00B400A3 /* Project object */;
}
